
Microsoft Visual Studio Solution File, Format Version 12.00
# Visual Studio 14
VisualStudioVersion = 14.0.25420.1
MinimumVisualStudioVersion = 10.0.40219.1
Project("{F2A71F9B-5D33-465A-A702-920D77279786}") = "AkkaServer", "AkkaSandbox\AkkaServer.fsproj", "{1697C2FB-AD2E-4D2C-BE86-A2B6054CA03F}"
EndProject
Project("{FAE04EC0-301F-11D3-BF4B-00C04F79EFBC}") = "AkkaCS", "AkkaCS\AkkaCS.csproj", "{19201681-B332-4000-9693-8942E0B3CF1F}"
EndProject
Global
	GlobalSection(SolutionConfigurationPlatforms) = preSolution
		Debug|Any CPU = Debug|Any CPU
		Release|Any CPU = Release|Any CPU
	EndGlobalSection
	GlobalSection(ProjectConfigurationPlatforms) = postSolution
		{1697C2FB-AD2E-4D2C-BE86-A2B6054CA03F}.Debug|Any CPU.ActiveCfg = Debug|Any CPU
		{1697C2FB-AD2E-4D2C-BE86-A2B6054CA03F}.Debug|Any CPU.Build.0 = Debug|Any CPU
		{1697C2FB-AD2E-4D2C-BE86-A2B6054CA03F}.Release|Any CPU.ActiveCfg = Release|Any CPU
		{1697C2FB-AD2E-4D2C-BE86-A2B6054CA03F}.Release|Any CPU.Build.0 = Release|Any CPU
		{19201681-B332-4000-9693-8942E0B3CF1F}.Debug|Any CPU.ActiveCfg = Debug|Any CPU
		{19201681-B332-4000-9693-8942E0B3CF1F}.Debug|Any CPU.Build.0 = Debug|Any CPU
		{19201681-B332-4000-9693-8942E0B3CF1F}.Release|Any CPU.ActiveCfg = Release|Any CPU
		{19201681-B332-4000-9693-8942E0B3CF1F}.Release|Any CPU.Build.0 = Release|Any CPU
	EndGlobalSection
	GlobalSection(SolutionProperties) = preSolution
		HideSolutionNode = FALSE
	EndGlobalSection
EndGlobal
